
Microsoft Visual Studio Solution File, Format Version 10.00
# Visual C# Express 2008
Project("{FAE04EC0-301F-11D3-BF4B-00C04F79EFBC}") = "Kamil Browser", "Kamil Browser\Kamil Browser.csproj", "{489DD589-08D2-40DD-95E8-44B89BDBCADA}"
EndProject
Global
	GlobalSection(SolutionConfigurationPlatforms) = preSolution
		Debug|Any CPU = Debug|Any CPU
		Release|Any CPU = Release|Any CPU
	EndGlobalSection
	GlobalSection(ProjectConfigurationPlatforms) = postSolution
		{489DD589-08D2-40DD-95E8-44B89BDBCADA}.Debug|Any CPU.ActiveCfg = Debug|Any CPU
		{489DD589-08D2-40DD-95E8-44B89BDBCADA}.Debug|Any CPU.Build.0 = Debug|Any CPU
		{489DD589-08D2-40DD-95E8-44B89BDBCADA}.Release|Any CPU.ActiveCfg = Release|Any CPU
		{489DD589-08D2-40DD-95E8-44B89BDBCADA}.Release|Any CPU.Build.0 = Release|Any CPU
	EndGlobalSection
	GlobalSection(SolutionProperties) = preSolution
		HideSolutionNode = FALSE
	EndGlobalSection
EndGlobal
